{
  "object": {
    "pins": [
      {
        "package": "CoordinatorKit",
        "repositoryURL": "https://github.com/kotostrophe/CoordinatorKit",
        "state": {
          "branch": "main",
          "revision": "d0c547cd71f5a2ea90685c86569cf84ff9ce6c61",
          "version": null
        }
      },
      {
        "package": "SwiftyJSON",
        "repositoryURL": "https://github.com/SwiftyJSON/SwiftyJSON",
        "state": {
          "branch": null,
          "revision": "b3dcd7dbd0d488e1a7077cb33b00f2083e382f07",
          "version": "5.0.1"
        }
      }
    ]
  },
  "version": 1
}
