{
  "pins" : [
    {
      "identity" : "coordinatorkit",
      "kind" : "remoteSourceControl",
      "location" : "https://github.com/kotostrophe/CoordinatorKit",
      "state" : {
        "branch" : "main",
        "revision" : "2d2ae0287f9c74109cf2bf1b8290a33f19be38c5"
      }
    },
    {
      "identity" : "swiftyjson",
      "kind" : "remoteSourceControl",
      "location" : "https://github.com/SwiftyJSON/SwiftyJSON",
      "state" : {
        "revision" : "b3dcd7dbd0d488e1a7077cb33b00f2083e382f07",
        "version" : "5.0.1"
      }
    }
  ],
  "version" : 2
}
